# THIS IS AN AUTOGENERATED FILE. DO NOT EDIT THIS FILE DIRECTLY.
# yarn lockfile v1


camel-case@^3.0.0:
  version "3.0.0"
  resolved "https://registry.yarnpkg.com/camel-case/-/camel-case-3.0.0.tgz#ca3c3688a4e9cf3a4cda777dc4dcbc713249cf73"
  integrity sha1-yjw2iKTpzzpM2nd9xNy8cTJJz3M=
  dependencies:
    no-case "^2.2.0"
    upper-case "^1.1.1"

clean-css@^4.2.1:
  version "4.2.1"
  resolved "https://registry.yarnpkg.com/clean-css/-/clean-css-4.2.1.tgz#2d411ef76b8569b6d0c84068dabe85b0aa5e5c17"
  integrity sha512-4ZxI6dy4lrY6FHzfiy1aEOXgu4LIsW2MhwG0VBKdcoGoH/XLFgaHSdLTGr4O8Be6A8r3MOphEiI8Gc1n0ecf3g==
  dependencies:
    source-map "~0.6.0"

commander@^2.19.0, commander@~2.20.0:
  version "2.20.0"
  resolved "https://registry.yarnpkg.com/commander/-/commander-2.20.0.tgz#d58bb2b5c1ee8f87b0d340027e9e94e222c5a422"
  integrity sha512-7j2y+40w61zy6YC2iRNpUe/NwhNyoXrYpHMrSunaMG64nRnaf96zO/KMQR4OyN/UnE5KLyEBnKHd4aG3rskjpQ==

commander@~2.1.0:
  version "2.1.0"
  resolved "https://registry.yarnpkg.com/commander/-/commander-2.1.0.tgz#d121bbae860d9992a3d517ba96f56588e47c6781"
  integrity sha1-0SG7roYNmZKj1Re6lvVliOR8Z4E=

core-util-is@~1.0.0:
  version "1.0.2"
  resolved "https://registry.yarnpkg.com/core-util-is/-/core-util-is-1.0.2.tgz#b5fd54220aa2bc5ab57aab7140c940754503c1a7"
  integrity sha1-tf1UIgqivFq1eqtxQMlAdUUDwac=

elm@^0.19.0-no-deps:
  version "0.19.0-no-deps"
  resolved "https://registry.yarnpkg.com/elm/-/elm-0.19.0-no-deps.tgz#4754b658c424771823ee91bd5bf6387647954add"
  integrity sha512-tOlSeo5Bt0Rkrt/aBjL+/a+TmAFdfeqjrOlThrhgKOoGeHt1hU7/hJ+HFMlHiODf09AQh7Anl64o7V6thzmRHw==

he@^1.2.0:
  version "1.2.0"
  resolved "https://registry.yarnpkg.com/he/-/he-1.2.0.tgz#84ae65fa7eafb165fddb61566ae14baf05664f0f"
  integrity sha512-F/1DnUGPopORZi0ni+CvrCgHQ5FyEAHRLSApuYWMmrbSwoN2Mn/7k+Gl38gJnR7yyDZk6WLXwiGod1JOWNDKGw==

html-minifier-cli@^0.1.0:
  version "0.1.0"
  resolved "https://registry.yarnpkg.com/html-minifier-cli/-/html-minifier-cli-0.1.0.tgz#0bbf7756ca0e748a466b5709e9becce0c21ad128"
  integrity sha1-C793VsoOdIpGa1cJ6b7M4MIa0Sg=
  dependencies:
    commander "~2.1.0"
    html-minifier "~0.5.5"
    through2 "~0.4.1"
    xtend "~2.1.2"

html-minifier@^4.0.0:
  version "4.0.0"
  resolved "https://registry.yarnpkg.com/html-minifier/-/html-minifier-4.0.0.tgz#cca9aad8bce1175e02e17a8c33e46d8988889f56"
  integrity sha512-aoGxanpFPLg7MkIl/DDFYtb0iWz7jMFGqFhvEDZga6/4QTjneiD8I/NXL1x5aaoCp7FSIT6h/OhykDdPsbtMig==
  dependencies:
    camel-case "^3.0.0"
    clean-css "^4.2.1"
    commander "^2.19.0"
    he "^1.2.0"
    param-case "^2.1.1"
    relateurl "^0.2.7"
    uglify-js "^3.5.1"

html-minifier@~0.5.5:
  version "0.5.6"
  resolved "https://registry.yarnpkg.com/html-minifier/-/html-minifier-0.5.6.tgz#0f15b437c27b5ce9aa84a44ca2850880e9257996"
  integrity sha1-DxW0N8J7XOmqhKRMooUIgOkleZY=

inherits@~2.0.1:
  version "2.0.4"
  resolved "https://registry.yarnpkg.com/inherits/-/inherits-2.0.4.tgz#0fa2c64f932917c3433a0ded55363aae37416b7c"
  integrity sha512-k/vGaX4/Yla3WzyMCvTQOXYeIHvqOKtnqBduzTHpzpQZzAskKMhZ2K+EnBiSM9zGSoIFeMpXKxa4dYeZIQqewQ==

isarray@0.0.1:
  version "0.0.1"
  resolved "https://registry.yarnpkg.com/isarray/-/isarray-0.0.1.tgz#8a18acfca9a8f4177e09abfc6038939b05d1eedf"
  integrity sha1-ihis/Kmo9Bd+Cav8YDiTmwXR7t8=

lower-case@^1.1.1:
  version "1.1.4"
  resolved "https://registry.yarnpkg.com/lower-case/-/lower-case-1.1.4.tgz#9a2cabd1b9e8e0ae993a4bf7d5875c39c42e8eac"
  integrity sha1-miyr0bno4K6ZOkv31YdcOcQujqw=

no-case@^2.2.0:
  version "2.3.2"
  resolved "https://registry.yarnpkg.com/no-case/-/no-case-2.3.2.tgz#60b813396be39b3f1288a4c1ed5d1e7d28b464ac"
  integrity sha512-rmTZ9kz+f3rCvK2TD1Ue/oZlns7OGoIWP4fc3llxxRXlOkHKoWPPWJOfFYpITabSow43QJbRIoHQXtt10VldyQ==
  dependencies:
    lower-case "^1.1.1"

object-keys@~0.4.0:
  version "0.4.0"
  resolved "https://registry.yarnpkg.com/object-keys/-/object-keys-0.4.0.tgz#28a6aae7428dd2c3a92f3d95f21335dd204e0336"
  integrity sha1-KKaq50KN0sOpLz2V8hM13SBOAzY=

param-case@^2.1.1:
  version "2.1.1"
  resolved "https://registry.yarnpkg.com/param-case/-/param-case-2.1.1.tgz#df94fd8cf6531ecf75e6bef9a0858fbc72be2247"
  integrity sha1-35T9jPZTHs915r75oIWPvHK+Ikc=
  dependencies:
    no-case "^2.2.0"

readable-stream@~1.0.17:
  version "1.0.34"
  resolved "https://registry.yarnpkg.com/readable-stream/-/readable-stream-1.0.34.tgz#125820e34bc842d2f2aaafafe4c2916ee32c157c"
  integrity sha1-Elgg40vIQtLyqq+v5MKRbuMsFXw=
  dependencies:
    core-util-is "~1.0.0"
    inherits "~2.0.1"
    isarray "0.0.1"
    string_decoder "~0.10.x"

relateurl@^0.2.7:
  version "0.2.7"
  resolved "https://registry.yarnpkg.com/relateurl/-/relateurl-0.2.7.tgz#54dbf377e51440aca90a4cd274600d3ff2d888a9"
  integrity sha1-VNvzd+UUQKypCkzSdGANP/LYiKk=

source-map@~0.6.0, source-map@~0.6.1:
  version "0.6.1"
  resolved "https://registry.yarnpkg.com/source-map/-/source-map-0.6.1.tgz#74722af32e9614e9c287a8d0bbde48b5e2f1a263"
  integrity sha512-UjgapumWlbMhkBgzT7Ykc5YXUT46F0iKu8SGXq0bcwP5dz/h0Plj6enJqjz1Zbq2l5WaqYnrVbwWOWMyF3F47g==

string_decoder@~0.10.x:
  version "0.10.31"
  resolved "https://registry.yarnpkg.com/string_decoder/-/string_decoder-0.10.31.tgz#62e203bc41766c6c28c9fc84301dab1c5310fa94"
  integrity sha1-YuIDvEF2bGwoyfyEMB2rHFMQ+pQ=

through2@~0.4.1:
  version "0.4.2"
  resolved "https://registry.yarnpkg.com/through2/-/through2-0.4.2.tgz#dbf5866031151ec8352bb6c4db64a2292a840b9b"
  integrity sha1-2/WGYDEVHsg1K7bE22SiKSqEC5s=
  dependencies:
    readable-stream "~1.0.17"
    xtend "~2.1.1"

uglify-js@^3.5.1, uglify-js@^3.6.0:
  version "3.6.0"
  resolved "https://registry.yarnpkg.com/uglify-js/-/uglify-js-3.6.0.tgz#704681345c53a8b2079fb6cec294b05ead242ff5"
  integrity sha512-W+jrUHJr3DXKhrsS7NUVxn3zqMOFn0hL/Ei6v0anCIMoKC93TjcflTagwIHLW7SfMFfiQuktQyFVCFHGUE0+yg==
  dependencies:
    commander "~2.20.0"
    source-map "~0.6.1"

upper-case@^1.1.1:
  version "1.1.3"
  resolved "https://registry.yarnpkg.com/upper-case/-/upper-case-1.1.3.tgz#f6b4501c2ec4cdd26ba78be7222961de77621598"
  integrity sha1-9rRQHC7EzdJrp4vnIilh3ndiFZg=

xtend@~2.1.1, xtend@~2.1.2:
  version "2.1.2"
  resolved "https://registry.yarnpkg.com/xtend/-/xtend-2.1.2.tgz#6efecc2a4dad8e6962c4901b337ce7ba87b5d28b"
  integrity sha1-bv7MKk2tjmlixJAbM3znuoe10os=
  dependencies:
    object-keys "~0.4.0"
